{
  "lockfile-version": 1,
  "manifest": {
    "schema-version": "1.11.0",
    "install": {
      "gum": {
        "pkg-path": "gum"
      },
      "nodejs": {
        "pkg-path": "nodejs"
      }
    },
    "vars": {
      "INTRO_MESSAGE": "Start services in the background\n  flox services start\n\nShow server logs\n  flox services logs --follow\n\nDevelopment server:\n  https://localhost:3001/\n",
      "PORT": "3001"
    },
    "hook": {
      "on-activate": "  npm install\n"
    },
    "profile": {
      "common": "  gum style \\\n  --foreground 212 --border-foreground 212 --border double \\\n  --width 50 --margin \"1 2\" --padding \"2 4\" \\\n    $INTRO_MESSAGE\n"
    },
    "options": {},
    "services": {
      "web": {
        "command": "npm start"
      }
    }
  },
  "packages": [
    {
      "attr_path": "gum",
      "broken": false,
      "derivation": "/nix/store/bmz60mbb36nlipdn9n6zmcm6kjls8gll-gum-0.17.0.drv",
      "description": "Tasty Bubble Gum for your shell",
      "install_id": "gum",
      "license": "MIT",
      "locked_url": "https://github.com/flox/nixpkgs?rev=b12141ef619e0a9c1c84dc8c684040326f27cdcc",
      "name": "gum-0.17.0",
      "pname": "gum",
      "rev": "b12141ef619e0a9c1c84dc8c684040326f27cdcc",
      "rev_count": 982522,
      "rev_date": "2026-04-18T21:33:21Z",
      "scrape_date": "2026-04-21T06:03:21.334707Z",
      "stabilities": [
        "unstable"
      ],
      "unfree": false,
      "version": "0.17.0",
      "outputs_to_install": [
        "out",
        "out"
      ],
      "outputs": {
        "out": "/nix/store/cdpxgzcjwidrmrzsq0zkyr9nxccvy3p6-gum-0.17.0"
      },
      "system": "aarch64-darwin",
      "group": "toplevel",
      "priority": 5
    },
    {
      "attr_path": "gum",
      "broken": false,
      "derivation": "/nix/store/yhvp5prpjjl5hqk6fhr5svdzf1yfacgk-gum-0.17.0.drv",
      "description": "Tasty Bubble Gum for your shell",
      "install_id": "gum",
      "license": "MIT",
      "locked_url": "https://github.com/flox/nixpkgs?rev=b12141ef619e0a9c1c84dc8c684040326f27cdcc",
      "name": "gum-0.17.0",
      "pname": "gum",
      "rev": "b12141ef619e0a9c1c84dc8c684040326f27cdcc",
      "rev_count": 982522,
      "rev_date": "2026-04-18T21:33:21Z",
      "scrape_date": "2026-04-21T06:36:39.889933Z",
      "stabilities": [
        "unstable"
      ],
      "unfree": false,
      "version": "0.17.0",
      "outputs_to_install": [
        "out"
      ],
      "outputs": {
        "out": "/nix/store/kqcb9j9k6wdvb7pjvjzn3p8dc82qmk9x-gum-0.17.0"
      },
      "system": "aarch64-linux",
      "group": "toplevel",
      "priority": 5
    },
    {
      "attr_path": "gum",
      "broken": false,
      "derivation": "/nix/store/cngbjjxmgsmcbgvihq7q9472rb5rhgdj-gum-0.17.0.drv",
      "description": "Tasty Bubble Gum for your shell",
      "install_id": "gum",
      "license": "MIT",
      "locked_url": "https://github.com/flox/nixpkgs?rev=b12141ef619e0a9c1c84dc8c684040326f27cdcc",
      "name": "gum-0.17.0",
      "pname": "gum",
      "rev": "b12141ef619e0a9c1c84dc8c684040326f27cdcc",
      "rev_count": 982522,
      "rev_date": "2026-04-18T21:33:21Z",
      "scrape_date": "2026-04-21T07:08:13.206428Z",
      "stabilities": [
        "unstable"
      ],
      "unfree": false,
      "version": "0.17.0",
      "outputs_to_install": [
        "out"
      ],
      "outputs": {
        "out": "/nix/store/rznkbgxflsbrfy5c359vhhqrrxw4pfkj-gum-0.17.0"
      },
      "system": "x86_64-darwin",
      "group": "toplevel",
      "priority": 5
    },
    {
      "attr_path": "gum",
      "broken": false,
      "derivation": "/nix/store/f5ahd90j9s46j49lz8k2yn3cmvyq6mbn-gum-0.17.0.drv",
      "description": "Tasty Bubble Gum for your shell",
      "install_id": "gum",
      "license": "MIT",
      "locked_url": "https://github.com/flox/nixpkgs?rev=b12141ef619e0a9c1c84dc8c684040326f27cdcc",
      "name": "gum-0.17.0",
      "pname": "gum",
      "rev": "b12141ef619e0a9c1c84dc8c684040326f27cdcc",
      "rev_count": 982522,
      "rev_date": "2026-04-18T21:33:21Z",
      "scrape_date": "2026-04-21T07:44:42.442428Z",
      "stabilities": [
        "unstable"
      ],
      "unfree": false,
      "version": "0.17.0",
      "outputs_to_install": [
        "out"
      ],
      "outputs": {
        "out": "/nix/store/rf0zlw5q4j051xkjk9djfw5dpb8nwbgm-gum-0.17.0"
      },
      "system": "x86_64-linux",
      "group": "toplevel",
      "priority": 5
    },
    {
      "attr_path": "nodejs",
      "broken": false,
      "derivation": "/nix/store/g2yfx00n1lp9i8ka7nbl11fawc0yfm7n-nodejs-24.14.0.drv",
      "description": "Event-driven I/O framework for the V8 JavaScript engine",
      "install_id": "nodejs",
      "license": "MIT",
      "locked_url": "https://github.com/flox/nixpkgs?rev=b12141ef619e0a9c1c84dc8c684040326f27cdcc",
      "name": "nodejs-24.14.0",
      "pname": "nodejs",
      "rev": "b12141ef619e0a9c1c84dc8c684040326f27cdcc",
      "rev_count": 982522,
      "rev_date": "2026-04-18T21:33:21Z",
      "scrape_date": "2026-04-21T06:03:43.875414Z",
      "stabilities": [
        "unstable"
      ],
      "unfree": false,
      "version": "24.14.0",
      "outputs_to_install": [
        "out",
        "out",
        "out",
        "out"
      ],
      "outputs": {
        "out": "/nix/store/d5hw52iialz64hvfzfp9qm1gr2fp43kx-nodejs-24.14.0"
      },
      "system": "aarch64-darwin",
      "group": "toplevel",
      "priority": 5
    },
    {
      "attr_path": "nodejs",
      "broken": false,
      "derivation": "/nix/store/jj8rw2gnisil7dw10xi2qdinad9jqp7s-nodejs-24.14.0.drv",
      "description": "Event-driven I/O framework for the V8 JavaScript engine",
      "install_id": "nodejs",
      "license": "MIT",
      "locked_url": "https://github.com/flox/nixpkgs?rev=b12141ef619e0a9c1c84dc8c684040326f27cdcc",
      "name": "nodejs-24.14.0",
      "pname": "nodejs",
      "rev": "b12141ef619e0a9c1c84dc8c684040326f27cdcc",
      "rev_count": 982522,
      "rev_date": "2026-04-18T21:33:21Z",
      "scrape_date": "2026-04-21T06:37:14.564911Z",
      "stabilities": [
        "unstable"
      ],
      "unfree": false,
      "version": "24.14.0",
      "outputs_to_install": [
        "out",
        "out",
        "out"
      ],
      "outputs": {
        "out": "/nix/store/vs8zaq8fvbbjqfg4bzn424kn55sj7s7y-nodejs-24.14.0"
      },
      "system": "aarch64-linux",
      "group": "toplevel",
      "priority": 5
    },
    {
      "attr_path": "nodejs",
      "broken": false,
      "derivation": "/nix/store/l9ksrfa960964gqf23yfr7a66a2n18c1-nodejs-24.14.0.drv",
      "description": "Event-driven I/O framework for the V8 JavaScript engine",
      "install_id": "nodejs",
      "license": "MIT",
      "locked_url": "https://github.com/flox/nixpkgs?rev=b12141ef619e0a9c1c84dc8c684040326f27cdcc",
      "name": "nodejs-24.14.0",
      "pname": "nodejs",
      "rev": "b12141ef619e0a9c1c84dc8c684040326f27cdcc",
      "rev_count": 982522,
      "rev_date": "2026-04-18T21:33:21Z",
      "scrape_date": "2026-04-21T07:08:36.418791Z",
      "stabilities": [
        "unstable"
      ],
      "unfree": false,
      "version": "24.14.0",
      "outputs_to_install": [
        "out",
        "out",
        "out"
      ],
      "outputs": {
        "out": "/nix/store/70ypbaj273w2kk0nrs4vijizyqgbg48v-nodejs-24.14.0"
      },
      "system": "x86_64-darwin",
      "group": "toplevel",
      "priority": 5
    },
    {
      "attr_path": "nodejs",
      "broken": false,
      "derivation": "/nix/store/15s1kk2n6vg180wg04wj2wgnl19f03v7-nodejs-24.14.0.drv",
      "description": "Event-driven I/O framework for the V8 JavaScript engine",
      "install_id": "nodejs",
      "license": "MIT",
      "locked_url": "https://github.com/flox/nixpkgs?rev=b12141ef619e0a9c1c84dc8c684040326f27cdcc",
      "name": "nodejs-24.14.0",
      "pname": "nodejs",
      "rev": "b12141ef619e0a9c1c84dc8c684040326f27cdcc",
      "rev_count": 982522,
      "rev_date": "2026-04-18T21:33:21Z",
      "scrape_date": "2026-04-21T07:45:21.146261Z",
      "stabilities": [
        "unstable"
      ],
      "unfree": false,
      "version": "24.14.0",
      "outputs_to_install": [
        "out",
        "out",
        "out"
      ],
      "outputs": {
        "out": "/nix/store/v2210ar51jddnrcx46m53ivv9palc26m-nodejs-24.14.0"
      },
      "system": "x86_64-linux",
      "group": "toplevel",
      "priority": 5
    }
  ]
}
