{
  "lockfile-version": 1,
  "manifest": {
    "schema-version": "1.11.0",
    "install": {
      "gum": {
        "pkg-path": "gum"
      },
      "nodejs": {
        "pkg-path": "nodejs"
      }
    },
    "vars": {
      "INTRO_MESSAGE": "Start services in the background\n  flox services start\n\nShow server logs\n  flox services logs --follow\n\nDevelopment server:\n  https://localhost:3001/\n",
      "PORT": "3001"
    },
    "hook": {
      "on-activate": "  npm install\n"
    },
    "profile": {
      "common": "  gum style \\\n  --foreground 212 --border-foreground 212 --border double \\\n  --width 50 --margin \"1 2\" --padding \"2 4\" \\\n    $INTRO_MESSAGE\n"
    },
    "options": {},
    "services": {
      "web": {
        "command": "npm start"
      }
    }
  },
  "packages": [
    {
      "attr_path": "gum",
      "broken": false,
      "derivation": "/nix/store/vz30zjaaykvcc8qg04qd2qny12vzpsa7-gum-2.0.0.drv",
      "description": "Tasty Bubble Gum for your shell",
      "install_id": "gum",
      "license": "MIT",
      "locked_url": "https://github.com/flox/nixpkgs?rev=83199d0d373dd3ac2b9a1996b1d0263f76ab7a4c",
      "name": "gum-2.0.0",
      "pname": "gum",
      "rev": "83199d0d373dd3ac2b9a1996b1d0263f76ab7a4c",
      "rev_count": 1063296,
      "rev_date": "2026-08-28T06:55:34Z",
      "scrape_date": "2026-08-30T04:57:00.358586Z",
      "stabilities": [
        "unstable"
      ],
      "unfree": false,
      "version": "2.0.0",
      "outputs_to_install": [
        "out"
      ],
      "outputs": {
        "out": "/nix/store/bmw22793009g1j9r50phby3981zai170-gum-2.0.0"
      },
      "system": "aarch64-darwin",
      "group": "toplevel",
      "priority": 5
    },
    {
      "attr_path": "gum",
      "broken": false,
      "derivation": "/nix/store/dhr5vw1c0rcychdwisadbwvdp9kv38mv-gum-2.0.0.drv",
      "description": "Tasty Bubble Gum for your shell",
      "install_id": "gum",
      "license": "MIT",
      "locked_url": "https://github.com/flox/nixpkgs?rev=83199d0d373dd3ac2b9a1996b1d0263f76ab7a4c",
      "name": "gum-2.0.0",
      "pname": "gum",
      "rev": "83199d0d373dd3ac2b9a1996b1d0263f76ab7a4c",
      "rev_count": 1063296,
      "rev_date": "2026-08-28T06:55:34Z",
      "scrape_date": "2026-08-30T05:28:51.089755Z",
      "stabilities": [
        "unstable"
      ],
      "unfree": false,
      "version": "2.0.0",
      "outputs_to_install": [
        "out"
      ],
      "outputs": {
        "out": "/nix/store/clmwfm4asd0834sm9kcwg35fmx5lk1gs-gum-2.0.0"
      },
      "system": "aarch64-linux",
      "group": "toplevel",
      "priority": 5
    },
    {
      "attr_path": "gum",
      "broken": false,
      "derivation": "/nix/store/3ymjicjdq89finmjjvidbakvnfgxpd3l-gum-2.0.0.drv",
      "description": "Tasty Bubble Gum for your shell",
      "install_id": "gum",
      "license": "MIT",
      "locked_url": "https://github.com/flox/nixpkgs?rev=83199d0d373dd3ac2b9a1996b1d0263f76ab7a4c",
      "name": "gum-2.0.0",
      "pname": "gum",
      "rev": "83199d0d373dd3ac2b9a1996b1d0263f76ab7a4c",
      "rev_count": 1063296,
      "rev_date": "2026-08-28T06:55:34Z",
      "scrape_date": "2026-08-30T06:07:15.786076Z",
      "stabilities": [
        "unstable"
      ],
      "unfree": false,
      "version": "2.0.0",
      "outputs_to_install": [
        "out"
      ],
      "outputs": {
        "out": "/nix/store/a6zkjhi574zg3rjl0b3ri0cx102qbd26-gum-2.0.0"
      },
      "system": "x86_64-linux",
      "group": "toplevel",
      "priority": 5
    },
    {
      "attr_path": "nodejs",
      "broken": false,
      "derivation": "/nix/store/6nas5hpjqib23qbkzmzjbsj1iyc0z750-nodejs-24.19.0.drv",
      "description": "Event-driven I/O framework for the V8 JavaScript engine",
      "install_id": "nodejs",
      "license": "MIT",
      "locked_url": "https://github.com/flox/nixpkgs?rev=83199d0d373dd3ac2b9a1996b1d0263f76ab7a4c",
      "name": "nodejs-24.19.0",
      "pname": "nodejs",
      "rev": "83199d0d373dd3ac2b9a1996b1d0263f76ab7a4c",
      "rev_count": 1063296,
      "rev_date": "2026-08-28T06:55:34Z",
      "scrape_date": "2026-08-30T04:57:23.796518Z",
      "stabilities": [
        "unstable"
      ],
      "unfree": false,
      "version": "24.19.0",
      "outputs_to_install": [
        "out"
      ],
      "outputs": {
        "out": "/nix/store/0n6wnabi4grafrkvnla0ip529rqp6yxp-nodejs-24.19.0"
      },
      "system": "aarch64-darwin",
      "group": "toplevel",
      "priority": 5
    },
    {
      "attr_path": "nodejs",
      "broken": false,
      "derivation": "/nix/store/im10wm681x2d2clzpbmw9y52mv928672-nodejs-24.19.0.drv",
      "description": "Event-driven I/O framework for the V8 JavaScript engine",
      "install_id": "nodejs",
      "license": "MIT",
      "locked_url": "https://github.com/flox/nixpkgs?rev=83199d0d373dd3ac2b9a1996b1d0263f76ab7a4c",
      "name": "nodejs-24.19.0",
      "pname": "nodejs",
      "rev": "83199d0d373dd3ac2b9a1996b1d0263f76ab7a4c",
      "rev_count": 1063296,
      "rev_date": "2026-08-28T06:55:34Z",
      "scrape_date": "2026-08-30T05:29:29.324452Z",
      "stabilities": [
        "unstable"
      ],
      "unfree": false,
      "version": "24.19.0",
      "outputs_to_install": [
        "out"
      ],
      "outputs": {
        "out": "/nix/store/41xl9pj3ka0wa63fp759wjs9idlksac5-nodejs-24.19.0"
      },
      "system": "aarch64-linux",
      "group": "toplevel",
      "priority": 5
    },
    {
      "attr_path": "nodejs",
      "broken": false,
      "derivation": "/nix/store/azflkcvc103gq1ddlc5if1r8qpd1xk6c-nodejs-24.19.0.drv",
      "description": "Event-driven I/O framework for the V8 JavaScript engine",
      "install_id": "nodejs",
      "license": "MIT",
      "locked_url": "https://github.com/flox/nixpkgs?rev=83199d0d373dd3ac2b9a1996b1d0263f76ab7a4c",
      "name": "nodejs-24.19.0",
      "pname": "nodejs",
      "rev": "83199d0d373dd3ac2b9a1996b1d0263f76ab7a4c",
      "rev_count": 1063296,
      "rev_date": "2026-08-28T06:55:34Z",
      "scrape_date": "2026-08-30T06:07:54.083777Z",
      "stabilities": [
        "unstable"
      ],
      "unfree": false,
      "version": "24.19.0",
      "outputs_to_install": [
        "out"
      ],
      "outputs": {
        "out": "/nix/store/lfaydgacdyngci7p60s8wwvgdm74fjkx-nodejs-24.19.0"
      },
      "system": "x86_64-linux",
      "group": "toplevel",
      "priority": 5
    }
  ]
}
